Microsoft Visual Studio Solution File, Format Version 12.00
# Visual Studio 15
VisualStudioVersion = 15.0.27703.2000
MinimumVisualStudioVersion = 10.0.40219.1
Project("{FAE04EC0-301F-11D3-BF4B-00C04F79EFBC}") = "Sitecore.Support.294598", "Sitecore.Support.294598\Sitecore.Support.294598.csproj", "{8304CB74-85B1-4F36-A0A6-FA02A4E92E6D}"
EndProject
Global
	GlobalSection(SolutionConfigurationPlatforms) = preSolution
		Debug|Any CPU = Debug|Any CPU
		Release|Any CPU = Release|Any CPU
	EndGlobalSection
	GlobalSection(ProjectConfigurationPlatforms) = postSolution
		{8304CB74-85B1-4F36-A0A6-FA02A4E92E6D}.Debug|Any CPU.ActiveCfg = Debug|Any CPU
		{8304CB74-85B1-4F36-A0A6-FA02A4E92E6D}.Debug|Any CPU.Build.0 = Debug|Any CPU
		{8304CB74-85B1-4F36-A0A6-FA02A4E92E6D}.Release|Any CPU.ActiveCfg = Release|Any CPU
		{8304CB74-85B1-4F36-A0A6-FA02A4E92E6D}.Release|Any CPU.Build.0 = Release|Any CPU
	EndGlobalSection
	GlobalSection(SolutionProperties) = preSolution
		HideSolutionNode = FALSE
	EndGlobalSection
	GlobalSection(ExtensibilityGlobals) = postSolution
		SolutionGuid = {590072B0-474D-4F09-9784-BFB0426BCC33}
	EndGlobalSection
EndGlobal
